
Microsoft Visual Studio Solution File, Format Version 12.00
# Visual Studio Version 18
VisualStudioVersion = 18.0.11217.181
MinimumVisualStudioVersion = 10.0.40219.1
Project("{9A19103F-16F7-4668-BE54-9A1E7A4F7556}") = ".root", ".root.targets", "{9A40377D-90CC-45B2-85DD-9939C33E8D56}"
EndProject
Project("{9A19103F-16F7-4668-BE54-9A1E7A4F7556}") = "Subatomix.Build.Packaging.PowerShellModule", "src\Subatomix.Build.Packaging.PowerShellModule.proj", "{21830F93-D46D-4617-B9F3-EFA8E2DA04AD}"
EndProject
Project("{9A19103F-16F7-4668-BE54-9A1E7A4F7556}") = "Subatomix.ExampleModule", "test\current\Subatomix.ExampleModule.csproj", "{3D30AE59-62F8-4BCF-A490-F07849F39AB4}"
	ProjectSection(ProjectDependencies) = postProject
		{21830F93-D46D-4617-B9F3-EFA8E2DA04AD} = {21830F93-D46D-4617-B9F3-EFA8E2DA04AD}
	EndProjectSection
EndProject
Global
	GlobalSection(SolutionConfigurationPlatforms) = preSolution
		Debug|Any CPU = Debug|Any CPU
		Release|Any CPU = Release|Any CPU
	EndGlobalSection
	GlobalSection(ProjectConfigurationPlatforms) = postSolution
		{9A40377D-90CC-45B2-85DD-9939C33E8D56}.Debug|Any CPU.ActiveCfg = Debug|Any CPU
		{9A40377D-90CC-45B2-85DD-9939C33E8D56}.Release|Any CPU.ActiveCfg = Release|Any CPU
		{21830F93-D46D-4617-B9F3-EFA8E2DA04AD}.Debug|Any CPU.ActiveCfg = Debug|Any CPU
		{21830F93-D46D-4617-B9F3-EFA8E2DA04AD}.Debug|Any CPU.Build.0 = Debug|Any CPU
		{21830F93-D46D-4617-B9F3-EFA8E2DA04AD}.Release|Any CPU.ActiveCfg = Release|Any CPU
		{21830F93-D46D-4617-B9F3-EFA8E2DA04AD}.Release|Any CPU.Build.0 = Release|Any CPU
		{3D30AE59-62F8-4BCF-A490-F07849F39AB4}.Debug|Any CPU.ActiveCfg = Debug|Any CPU
		{3D30AE59-62F8-4BCF-A490-F07849F39AB4}.Debug|Any CPU.Build.0 = Debug|Any CPU
		{3D30AE59-62F8-4BCF-A490-F07849F39AB4}.Release|Any CPU.ActiveCfg = Release|Any CPU
		{3D30AE59-62F8-4BCF-A490-F07849F39AB4}.Release|Any CPU.Build.0 = Release|Any CPU
	EndGlobalSection
	GlobalSection(SolutionProperties) = preSolution
		HideSolutionNode = FALSE
	EndGlobalSection
	GlobalSection(ExtensibilityGlobals) = postSolution
		SolutionGuid = {FC38E236-A046-4239-825E-6E141AC19A03}
	EndGlobalSection
EndGlobal
